
Microsoft Visual Studio Solution File, Format Version 12.00
# Visual Studio Version 18
VisualStudioVersion = 18.5.11723.231 stable
MinimumVisualStudioVersion = 10.0.40219.1
Project("{FAE04EC0-301F-11D3-BF4B-00C04F79EFBC}") = "GlitnirRanking", "GlitnirRanking.csproj", "{72B7E2B4-C4D2-4B2F-91DB-99D0311D97BC}"
EndProject
Global
	GlobalSection(SolutionConfigurationPlatforms) = preSolution
		Debug|Any CPU = Debug|Any CPU
		Release|Any CPU = Release|Any CPU
	EndGlobalSection
	GlobalSection(ProjectConfigurationPlatforms) = postSolution
		{72B7E2B4-C4D2-4B2F-91DB-99D0311D97BC}.Debug|Any CPU.ActiveCfg = Debug|Any CPU
		{72B7E2B4-C4D2-4B2F-91DB-99D0311D97BC}.Debug|Any CPU.Build.0 = Debug|Any CPU
		{72B7E2B4-C4D2-4B2F-91DB-99D0311D97BC}.Release|Any CPU.ActiveCfg = Release|Any CPU
		{72B7E2B4-C4D2-4B2F-91DB-99D0311D97BC}.Release|Any CPU.Build.0 = Release|Any CPU
	EndGlobalSection
	GlobalSection(SolutionProperties) = preSolution
		HideSolutionNode = FALSE
	EndGlobalSection
	GlobalSection(ExtensibilityGlobals) = postSolution
		SolutionGuid = {66C10BA6-1F61-4B6E-A86E-36252763C09A}
	EndGlobalSection
EndGlobal
